{"1.1.0",
[{<<"local">>,{pkg,<<"local">>,<<"0.2.0">>},0},
 {<<"passage">>,{pkg,<<"passage">>,<<"0.2.5">>},0},
 {<<"thrift">>,{pkg,<<"thrift">>,<<"0.9.3">>},0}]}.
[
{pkg_hash,[
 {<<"local">>, <<"91466ED42F5E3509E097C4F57ED58C03362D64D537EF8B4AF0CA90774F7DBAD3">>},
 {<<"passage">>, <<"12F0BDC349C9872F22C5E6834452D7DE6CA923A1A15AE8E37FE05FBA8D7F544B">>},
 {<<"thrift">>, <<"A57CC9A5B5211FD88705807D707EF02B9B70FE570D0F3C45A02DF287C1B492B7">>}]}
].
